
Microsoft Visual Studio Solution File, Format Version 12.00
# Visual Studio Version 17
VisualStudioVersion = 17.3.32929.385
MinimumVisualStudioVersion = 10.0.40219.1
Project("{8BC9CEB8-8B4A-11D0-8D11-00A0C91BC942}") = "test5", "test5\test5.vcxproj", "{2B425B8C-7953-497F-BE93-C19352C362EB}"
EndProject
Global
	GlobalSection(SolutionConfigurationPlatforms) = preSolution
		Debug|x64 = Debug|x64
		Debug|x86 = Debug|x86
		Release|x64 = Release|x64
		Release|x86 = Release|x86
	EndGlobalSection
	GlobalSection(ProjectConfigurationPlatforms) = postSolution
		{2B425B8C-7953-497F-BE93-C19352C362EB}.Debug|x64.ActiveCfg = Debug|x64
		{2B425B8C-7953-497F-BE93-C19352C362EB}.Debug|x64.Build.0 = Debug|x64
		{2B425B8C-7953-497F-BE93-C19352C362EB}.Debug|x86.ActiveCfg = Debug|Win32
		{2B425B8C-7953-497F-BE93-C19352C362EB}.Debug|x86.Build.0 = Debug|Win32
		{2B425B8C-7953-497F-BE93-C19352C362EB}.Release|x64.ActiveCfg = Release|x64
		{2B425B8C-7953-497F-BE93-C19352C362EB}.Release|x64.Build.0 = Release|x64
		{2B425B8C-7953-497F-BE93-C19352C362EB}.Release|x86.ActiveCfg = Release|Win32
		{2B425B8C-7953-497F-BE93-C19352C362EB}.Release|x86.Build.0 = Release|Win32
	EndGlobalSection
	GlobalSection(SolutionProperties) = preSolution
		HideSolutionNode = FALSE
	EndGlobalSection
	GlobalSection(ExtensibilityGlobals) = postSolution
		SolutionGuid = {E61BFD01-A051-407B-87DE-719CF7CBFCE9}
	EndGlobalSection
EndGlobal
